
Microsoft Visual Studio Solution File, Format Version 12.00
Project("{FAE04EC0-301F-11D3-BF4B-00C04F79EFBC}") = "InMemoryApp.Web", "InMemoryApp.Web\InMemoryApp.Web.csproj", "{0BA70B63-299E-4DD5-976B-C1408A961BF8}"
EndProject
Project("{FAE04EC0-301F-11D3-BF4B-00C04F79EFBC}") = "IDistributedCacheRedisApp.Web", "IDistributedCacheRedisApp.Web\IDistributedCacheRedisApp.Web.csproj", "{56C78F62-7572-4F12-802E-FE75003472CB}"
EndProject
Project("{FAE04EC0-301F-11D3-BF4B-00C04F79EFBC}") = "RedisExchangeAPI.Web", "RedisExchangeAPI.Web\RedisExchangeAPI.Web.csproj", "{74B542A6-DA42-4014-BE4C-88EE848EBE52}"
EndProject
Global
	GlobalSection(SolutionConfigurationPlatforms) = preSolution
		Debug|Any CPU = Debug|Any CPU
		Release|Any CPU = Release|Any CPU
	EndGlobalSection
	GlobalSection(ProjectConfigurationPlatforms) = postSolution
		{0BA70B63-299E-4DD5-976B-C1408A961BF8}.Debug|Any CPU.ActiveCfg = Debug|Any CPU
		{0BA70B63-299E-4DD5-976B-C1408A961BF8}.Debug|Any CPU.Build.0 = Debug|Any CPU
		{0BA70B63-299E-4DD5-976B-C1408A961BF8}.Release|Any CPU.ActiveCfg = Release|Any CPU
		{0BA70B63-299E-4DD5-976B-C1408A961BF8}.Release|Any CPU.Build.0 = Release|Any CPU
		{56C78F62-7572-4F12-802E-FE75003472CB}.Debug|Any CPU.ActiveCfg = Debug|Any CPU
		{56C78F62-7572-4F12-802E-FE75003472CB}.Debug|Any CPU.Build.0 = Debug|Any CPU
		{56C78F62-7572-4F12-802E-FE75003472CB}.Release|Any CPU.ActiveCfg = Release|Any CPU
		{56C78F62-7572-4F12-802E-FE75003472CB}.Release|Any CPU.Build.0 = Release|Any CPU
		{74B542A6-DA42-4014-BE4C-88EE848EBE52}.Debug|Any CPU.ActiveCfg = Debug|Any CPU
		{74B542A6-DA42-4014-BE4C-88EE848EBE52}.Debug|Any CPU.Build.0 = Debug|Any CPU
		{74B542A6-DA42-4014-BE4C-88EE848EBE52}.Release|Any CPU.ActiveCfg = Release|Any CPU
		{74B542A6-DA42-4014-BE4C-88EE848EBE52}.Release|Any CPU.Build.0 = Release|Any CPU
	EndGlobalSection
EndGlobal
